
Microsoft Visual Studio Solution File, Format Version 12.00
# Visual Studio Version 16
VisualStudioVersion = 16.6.30114.105
MinimumVisualStudioVersion = 10.0.40219.1
Project("{FAE04EC0-301F-11D3-BF4B-00C04F79EFBC}") = "R5T.T0094", "R5T.T0094\R5T.T0094.csproj", "{12546F07-2734-4518-B671-046BF082D82D}"
EndProject
Project("{2150E333-8FDC-42A3-9474-1A3956D46DE8}") = "_Dependencies", "_Dependencies", "{77AF9CDD-0C23-4F03-B6AB-65D07078E038}"
EndProject
Project("{FAE04EC0-301F-11D3-BF4B-00C04F79EFBC}") = "R5T.Magyar", "..\..\R5T.Magyar\source\R5T.Magyar\R5T.Magyar.csproj", "{A7C1C61D-F6C9-4044-9081-559A4787AE25}"
EndProject
Global
	GlobalSection(SolutionConfigurationPlatforms) = preSolution
		Debug|Any CPU = Debug|Any CPU
		Debug|x64 = Debug|x64
		Debug|x86 = Debug|x86
		Release|Any CPU = Release|Any CPU
		Release|x64 = Release|x64
		Release|x86 = Release|x86
	EndGlobalSection
	GlobalSection(SolutionProperties) = preSolution
		HideSolutionNode = FALSE
	EndGlobalSection
	GlobalSection(ProjectConfigurationPlatforms) = postSolution
		{12546F07-2734-4518-B671-046BF082D82D}.Debug|Any CPU.ActiveCfg = Debug|Any CPU
		{12546F07-2734-4518-B671-046BF082D82D}.Debug|Any CPU.Build.0 = Debug|Any CPU
		{12546F07-2734-4518-B671-046BF082D82D}.Debug|x64.ActiveCfg = Debug|Any CPU
		{12546F07-2734-4518-B671-046BF082D82D}.Debug|x64.Build.0 = Debug|Any CPU
		{12546F07-2734-4518-B671-046BF082D82D}.Debug|x86.ActiveCfg = Debug|Any CPU
		{12546F07-2734-4518-B671-046BF082D82D}.Debug|x86.Build.0 = Debug|Any CPU
		{12546F07-2734-4518-B671-046BF082D82D}.Release|Any CPU.ActiveCfg = Release|Any CPU
		{12546F07-2734-4518-B671-046BF082D82D}.Release|Any CPU.Build.0 = Release|Any CPU
		{12546F07-2734-4518-B671-046BF082D82D}.Release|x64.ActiveCfg = Release|Any CPU
		{12546F07-2734-4518-B671-046BF082D82D}.Release|x64.Build.0 = Release|Any CPU
		{12546F07-2734-4518-B671-046BF082D82D}.Release|x86.ActiveCfg = Release|Any CPU
		{12546F07-2734-4518-B671-046BF082D82D}.Release|x86.Build.0 = Release|Any CPU
		{A7C1C61D-F6C9-4044-9081-559A4787AE25}.Debug|Any CPU.ActiveCfg = Debug|Any CPU
		{A7C1C61D-F6C9-4044-9081-559A4787AE25}.Debug|Any CPU.Build.0 = Debug|Any CPU
		{A7C1C61D-F6C9-4044-9081-559A4787AE25}.Debug|x64.ActiveCfg = Debug|Any CPU
		{A7C1C61D-F6C9-4044-9081-559A4787AE25}.Debug|x64.Build.0 = Debug|Any CPU
		{A7C1C61D-F6C9-4044-9081-559A4787AE25}.Debug|x86.ActiveCfg = Debug|Any CPU
		{A7C1C61D-F6C9-4044-9081-559A4787AE25}.Debug|x86.Build.0 = Debug|Any CPU
		{A7C1C61D-F6C9-4044-9081-559A4787AE25}.Release|Any CPU.ActiveCfg = Release|Any CPU
		{A7C1C61D-F6C9-4044-9081-559A4787AE25}.Release|Any CPU.Build.0 = Release|Any CPU
		{A7C1C61D-F6C9-4044-9081-559A4787AE25}.Release|x64.ActiveCfg = Release|Any CPU
		{A7C1C61D-F6C9-4044-9081-559A4787AE25}.Release|x64.Build.0 = Release|Any CPU
		{A7C1C61D-F6C9-4044-9081-559A4787AE25}.Release|x86.ActiveCfg = Release|Any CPU
		{A7C1C61D-F6C9-4044-9081-559A4787AE25}.Release|x86.Build.0 = Release|Any CPU
	EndGlobalSection
	GlobalSection(NestedProjects) = preSolution
		{A7C1C61D-F6C9-4044-9081-559A4787AE25} = {77AF9CDD-0C23-4F03-B6AB-65D07078E038}
	EndGlobalSection
EndGlobal
